{
  "version": "5",
  "redirects": {
    "https://deno.land/x/clarinet/index.ts": "https://deno.land/x/clarinet@v1.8.0/index.ts"
  },
  "remote": {
    "https://deno.land/x/clarinet@v1.8.0/clarityTypes.ts": "1fa191738eef1430c37c590ff5502555d8ea26eea5362e0744afb7da155c35d8",
    "https://deno.land/x/clarinet@v1.8.0/eventTypes.ts": "fd51aa8db0a9da24da837ce34c848d83c84ab42e9cda6345602ed8efbcef107d",
    "https://deno.land/x/clarinet@v1.8.0/index.ts": "2ffe1d220d2c0f5e1fa4db6663786263b56996d10944f282aad4368b90bb3f11"
  },
  "workspace": {
    "packageJson": {
      "dependencies": [
        "npm:@hirosystems/clarinet-sdk@^3.0.2",
        "npm:@stacks/transactions@^7.0.6",
        "npm:chokidar-cli@3",
        "npm:vitest-environment-clarinet@^2.3.0",
        "npm:vitest@^3.1.3"
      ]
    }
  }
}
